
Microsoft Visual Studio Solution File, Format Version 12.00
# Visual Studio Version 16
VisualStudioVersion = 16.0.30717.126
MinimumVisualStudioVersion = 10.0.40219.1
Project("{2150E333-8FDC-42A3-9474-1A3956D46DE8}") = "CleanArch.Application", "CleanArch.Application", "{7E08DE33-B775-4EA3-8F0A-C19109B8F9E2}"
EndProject
Project("{2150E333-8FDC-42A3-9474-1A3956D46DE8}") = "CleanArch.Domin", "CleanArch.Domin", "{3A29F905-1127-4231-9905-672A569AFD7C}"
EndProject
Project("{2150E333-8FDC-42A3-9474-1A3956D46DE8}") = "CleanArch.Infastructure.Data", "CleanArch.Infastructure.Data", "{0719B5EC-C829-4307-AA2F-3A2C2F183670}"
EndProject
Project("{2150E333-8FDC-42A3-9474-1A3956D46DE8}") = "CleanArch.Infastructure.Ioc", "CleanArch.Infastructure.Ioc", "{71A5F117-8D97-41C2-98BA-6BFCA898FFCD}"
EndProject
Project("{2150E333-8FDC-42A3-9474-1A3956D46DE8}") = "CleanArch.UI.Mvc", "CleanArch.UI.Mvc", "{1B853BA4-D6E6-4CE4-8EF8-864EB41F172C}"
EndProject
Global
	GlobalSection(SolutionProperties) = preSolution
		HideSolutionNode = FALSE
	EndGlobalSection
	GlobalSection(ExtensibilityGlobals) = postSolution
		SolutionGuid = {E3337C0B-4E01-4843-BD5E-21CF7CFECF52}
	EndGlobalSection
EndGlobal
